
Microsoft Visual Studio Solution File, Format Version 12.00
# Visual Studio Version 17
VisualStudioVersion = 17.2.32526.322
MinimumVisualStudioVersion = 10.0.40219.1
Project("{9A19103F-16F7-4668-BE54-9A1E7A4F7556}") = "ProductManagementSystem.Console", "ProductManagementSystem.Console\ProductManagementSystem.Console.csproj", "{04E8F605-D58B-42ED-916B-978274F5EFF6}"
EndProject
Project("{9A19103F-16F7-4668-BE54-9A1E7A4F7556}") = "ProductManagementSystem.Data", "ProductManagementSystem.Data\ProductManagementSystem.Data.csproj", "{51785703-BEC3-48DA-AC84-745189374F32}"
EndProject
Project("{FAE04EC0-301F-11D3-BF4B-00C04F79EFBC}") = "ResourcePlannerFlow.API", "ResourcePlannerFlow.API\ResourcePlannerFlow.API.csproj", "{5972E773-9AA0-4EB9-9B55-56D571654C64}"
EndProject
Global
	GlobalSection(SolutionConfigurationPlatforms) = preSolution
		Debug|Any CPU = Debug|Any CPU
		Release|Any CPU = Release|Any CPU
	EndGlobalSection
	GlobalSection(ProjectConfigurationPlatforms) = postSolution
		{04E8F605-D58B-42ED-916B-978274F5EFF6}.Debug|Any CPU.ActiveCfg = Debug|Any CPU
		{04E8F605-D58B-42ED-916B-978274F5EFF6}.Debug|Any CPU.Build.0 = Debug|Any CPU
		{04E8F605-D58B-42ED-916B-978274F5EFF6}.Release|Any CPU.ActiveCfg = Release|Any CPU
		{04E8F605-D58B-42ED-916B-978274F5EFF6}.Release|Any CPU.Build.0 = Release|Any CPU
		{51785703-BEC3-48DA-AC84-745189374F32}.Debug|Any CPU.ActiveCfg = Debug|Any CPU
		{51785703-BEC3-48DA-AC84-745189374F32}.Debug|Any CPU.Build.0 = Debug|Any CPU
		{51785703-BEC3-48DA-AC84-745189374F32}.Release|Any CPU.ActiveCfg = Release|Any CPU
		{51785703-BEC3-48DA-AC84-745189374F32}.Release|Any CPU.Build.0 = Release|Any CPU
		{5972E773-9AA0-4EB9-9B55-56D571654C64}.Debug|Any CPU.ActiveCfg = Debug|Any CPU
		{5972E773-9AA0-4EB9-9B55-56D571654C64}.Debug|Any CPU.Build.0 = Debug|Any CPU
		{5972E773-9AA0-4EB9-9B55-56D571654C64}.Release|Any CPU.ActiveCfg = Release|Any CPU
		{5972E773-9AA0-4EB9-9B55-56D571654C64}.Release|Any CPU.Build.0 = Release|Any CPU
	EndGlobalSection
	GlobalSection(SolutionProperties) = preSolution
		HideSolutionNode = FALSE
	EndGlobalSection
	GlobalSection(ExtensibilityGlobals) = postSolution
		SolutionGuid = {7C299B74-3B5E-464E-B8DA-D1E13AA623A4}
	EndGlobalSection
EndGlobal
